
Microsoft Visual Studio Solution File, Format Version 12.00
# Visual Studio 15
VisualStudioVersion = 15.0.33026.149
MinimumVisualStudioVersion = 10.0.40219.1
Project("{8BC9CEB8-8B4A-11D0-8D11-00A0C91BC942}") = "FloatingDynamicButton", "FloatingDynamicButton\FloatingDynamicButton.vcxproj", "{5FA90996-37DE-449E-92F2-AD5537E54850}"
EndProject
Global
	GlobalSection(SolutionConfigurationPlatforms) = preSolution
		Debug|x64 = Debug|x64
		Release|x64 = Release|x64
	EndGlobalSection
	GlobalSection(ProjectConfigurationPlatforms) = postSolution
		{5FA90996-37DE-449E-92F2-AD5537E54850}.Debug|x64.ActiveCfg = Debug|x64
		{5FA90996-37DE-449E-92F2-AD5537E54850}.Debug|x64.Build.0 = Debug|x64
		{5FA90996-37DE-449E-92F2-AD5537E54850}.Release|x64.ActiveCfg = Release|x64
		{5FA90996-37DE-449E-92F2-AD5537E54850}.Release|x64.Build.0 = Release|x64
	EndGlobalSection
	GlobalSection(SolutionProperties) = preSolution
		HideSolutionNode = FALSE
	EndGlobalSection
	GlobalSection(ExtensibilityGlobals) = postSolution
		SolutionGuid = {9031DC8A-31CB-4E3A-95B1-82493059983B}
	EndGlobalSection
EndGlobal
